
Microsoft Visual Studio Solution File, Format Version 12.00
Project("{FAE04EC0-301F-11D3-BF4B-00C04F79EFBC}") = "Azure.Messaging.Servicebus.Compression", "src\Azure.Messaging.Servicebus.Compression\Azure.Messaging.Servicebus.Compression.csproj", "{5C4A9A79-15E3-4E3F-9A16-E4FAEA7295AA}"
EndProject
Project("{2150E333-8FDC-42A3-9474-1A3956D46DE8}") = "src", "src", "{EDD84109-A057-43B7-9E84-8ABA549D0336}"
EndProject
Project("{2150E333-8FDC-42A3-9474-1A3956D46DE8}") = "test", "test", "{BC66C3C2-930E-44F6-932E-B570000C45DE}"
EndProject
Project("{FAE04EC0-301F-11D3-BF4B-00C04F79EFBC}") = "Azure.Messaging.ServiceBus.Compression.Test", "test\Azure.Messaging.ServiceBus.Compression.Test\Azure.Messaging.ServiceBus.Compression.Test.csproj", "{AA90715E-A743-4B08-A5B1-70E5B8258096}"
EndProject
Global
	GlobalSection(SolutionConfigurationPlatforms) = preSolution
		Debug|Any CPU = Debug|Any CPU
		Release|Any CPU = Release|Any CPU
	EndGlobalSection
	GlobalSection(ProjectConfigurationPlatforms) = postSolution
		{5C4A9A79-15E3-4E3F-9A16-E4FAEA7295AA}.Debug|Any CPU.ActiveCfg = Debug|Any CPU
		{5C4A9A79-15E3-4E3F-9A16-E4FAEA7295AA}.Debug|Any CPU.Build.0 = Debug|Any CPU
		{5C4A9A79-15E3-4E3F-9A16-E4FAEA7295AA}.Release|Any CPU.ActiveCfg = Release|Any CPU
		{5C4A9A79-15E3-4E3F-9A16-E4FAEA7295AA}.Release|Any CPU.Build.0 = Release|Any CPU
		{AA90715E-A743-4B08-A5B1-70E5B8258096}.Debug|Any CPU.ActiveCfg = Debug|Any CPU
		{AA90715E-A743-4B08-A5B1-70E5B8258096}.Debug|Any CPU.Build.0 = Debug|Any CPU
		{AA90715E-A743-4B08-A5B1-70E5B8258096}.Release|Any CPU.ActiveCfg = Release|Any CPU
		{AA90715E-A743-4B08-A5B1-70E5B8258096}.Release|Any CPU.Build.0 = Release|Any CPU
	EndGlobalSection
	GlobalSection(NestedProjects) = preSolution
		{5C4A9A79-15E3-4E3F-9A16-E4FAEA7295AA} = {EDD84109-A057-43B7-9E84-8ABA549D0336}
		{AA90715E-A743-4B08-A5B1-70E5B8258096} = {BC66C3C2-930E-44F6-932E-B570000C45DE}
	EndGlobalSection
EndGlobal
